
Microsoft Visual Studio Solution File, Format Version 12.00
# Visual Studio Version 16
VisualStudioVersion = 16.0.31229.75
MinimumVisualStudioVersion = 10.0.40219.1
Project("{FAE04EC0-301F-11D3-BF4B-00C04F79EFBC}") = "WinForm", "WinForm\WinForm.csproj", "{C78DF063-BA52-415F-9348-A0DA5CC188C2}"
EndProject
Global
	GlobalSection(SolutionConfigurationPlatforms) = preSolution
		Debug|Any CPU = Debug|Any CPU
		Release|Any CPU = Release|Any CPU
	EndGlobalSection
	GlobalSection(ProjectConfigurationPlatforms) = postSolution
		{C78DF063-BA52-415F-9348-A0DA5CC188C2}.Debug|Any CPU.ActiveCfg = Debug|Any CPU
		{C78DF063-BA52-415F-9348-A0DA5CC188C2}.Debug|Any CPU.Build.0 = Debug|Any CPU
		{C78DF063-BA52-415F-9348-A0DA5CC188C2}.Release|Any CPU.ActiveCfg = Release|Any CPU
		{C78DF063-BA52-415F-9348-A0DA5CC188C2}.Release|Any CPU.Build.0 = Release|Any CPU
	EndGlobalSection
	GlobalSection(SolutionProperties) = preSolution
		HideSolutionNode = FALSE
	EndGlobalSection
	GlobalSection(ExtensibilityGlobals) = postSolution
		SolutionGuid = {A3334533-6553-43A7-8B00-628E6DE3C1A9}
	EndGlobalSection
EndGlobal
